
Microsoft Visual Studio Solution File, Format Version 12.00
# Visual Studio Version 17
VisualStudioVersion = 17.8.34309.116
MinimumVisualStudioVersion = 10.0.40219.1
Project("{FAE04EC0-301F-11D3-BF4B-00C04F79EFBC}") = "ConsoleAppCustomerList", "ConsoleAppCustomerList\ConsoleAppCustomerList.csproj", "{56EAF4DF-E6C0-4B09-AFD4-3108BBD9B837}"
EndProject
Global
	GlobalSection(SolutionConfigurationPlatforms) = preSolution
		Debug|Any CPU = Debug|Any CPU
		Release|Any CPU = Release|Any CPU
	EndGlobalSection
	GlobalSection(ProjectConfigurationPlatforms) = postSolution
		{56EAF4DF-E6C0-4B09-AFD4-3108BBD9B837}.Debug|Any CPU.ActiveCfg = Debug|Any CPU
		{56EAF4DF-E6C0-4B09-AFD4-3108BBD9B837}.Debug|Any CPU.Build.0 = Debug|Any CPU
		{56EAF4DF-E6C0-4B09-AFD4-3108BBD9B837}.Release|Any CPU.ActiveCfg = Release|Any CPU
		{56EAF4DF-E6C0-4B09-AFD4-3108BBD9B837}.Release|Any CPU.Build.0 = Release|Any CPU
	EndGlobalSection
	GlobalSection(SolutionProperties) = preSolution
		HideSolutionNode = FALSE
	EndGlobalSection
	GlobalSection(ExtensibilityGlobals) = postSolution
		SolutionGuid = {5E0C54E8-C00B-4E7B-9DFB-FF427E12D6F7}
	EndGlobalSection
EndGlobal
